
Microsoft Visual Studio Solution File, Format Version 12.00
# Visual Studio Version 17
VisualStudioVersion = 17.8.34525.116
MinimumVisualStudioVersion = 10.0.40219.1
Project("{FAE04EC0-301F-11D3-BF4B-00C04F79EFBC}") = "Mint.ZwGen", "Mint.ZwGen\Mint.ZwGen.csproj", "{250E11E4-5940-4054-9284-21337C5C9AB8}"
EndProject
Global
	GlobalSection(SolutionConfigurationPlatforms) = preSolution
		Debug|Any CPU = Debug|Any CPU
		Release|Any CPU = Release|Any CPU
	EndGlobalSection
	GlobalSection(ProjectConfigurationPlatforms) = postSolution
		{250E11E4-5940-4054-9284-21337C5C9AB8}.Debug|Any CPU.ActiveCfg = Debug|Any CPU
		{250E11E4-5940-4054-9284-21337C5C9AB8}.Debug|Any CPU.Build.0 = Debug|Any CPU
		{250E11E4-5940-4054-9284-21337C5C9AB8}.Release|Any CPU.ActiveCfg = Release|Any CPU
		{250E11E4-5940-4054-9284-21337C5C9AB8}.Release|Any CPU.Build.0 = Release|Any CPU
	EndGlobalSection
	GlobalSection(SolutionProperties) = preSolution
		HideSolutionNode = FALSE
	EndGlobalSection
	GlobalSection(ExtensibilityGlobals) = postSolution
		SolutionGuid = {80333DED-A66A-475F-8882-CE9266BAF94A}
	EndGlobalSection
EndGlobal
