
Microsoft Visual Studio Solution File, Format Version 12.00
# Visual Studio Version 16
VisualStudioVersion = 16.0.29009.5
MinimumVisualStudioVersion = 10.0.40219.1
Project("{FAE04EC0-301F-11D3-BF4B-00C04F79EFBC}") = "MINTGen", "MINTGen\MINTGen.csproj", "{70A8E49F-1448-448B-A374-98B0E31F3AB9}"
EndProject
Global
	GlobalSection(SolutionConfigurationPlatforms) = preSolution
		Debug|Any CPU = Debug|Any CPU
		Release|Any CPU = Release|Any CPU
	EndGlobalSection
	GlobalSection(ProjectConfigurationPlatforms) = postSolution
		{70A8E49F-1448-448B-A374-98B0E31F3AB9}.Debug|Any CPU.ActiveCfg = Debug|Any CPU
		{70A8E49F-1448-448B-A374-98B0E31F3AB9}.Debug|Any CPU.Build.0 = Debug|Any CPU
		{70A8E49F-1448-448B-A374-98B0E31F3AB9}.Release|Any CPU.ActiveCfg = Release|Any CPU
		{70A8E49F-1448-448B-A374-98B0E31F3AB9}.Release|Any CPU.Build.0 = Release|Any CPU
	EndGlobalSection
	GlobalSection(SolutionProperties) = preSolution
		HideSolutionNode = FALSE
	EndGlobalSection
	GlobalSection(ExtensibilityGlobals) = postSolution
		SolutionGuid = {25DC6247-A8E9-428A-926E-E37219E54104}
	EndGlobalSection
EndGlobal
